
Microsoft Visual Studio Solution File, Format Version 12.00
# Visual Studio Version 17
VisualStudioVersion = 17.4.33213.308
MinimumVisualStudioVersion = 10.0.40219.1
Project("{FAE04EC0-301F-11D3-BF4B-00C04F79EFBC}") = "Tarea2", "Tarea2\Tarea2.csproj", "{BF083974-7800-49E2-A78D-21CF26B56596}"
EndProject
Global
	GlobalSection(SolutionConfigurationPlatforms) = preSolution
		Debug|Any CPU = Debug|Any CPU
		Release|Any CPU = Release|Any CPU
	EndGlobalSection
	GlobalSection(ProjectConfigurationPlatforms) = postSolution
		{BF083974-7800-49E2-A78D-21CF26B56596}.Debug|Any CPU.ActiveCfg = Debug|Any CPU
		{BF083974-7800-49E2-A78D-21CF26B56596}.Debug|Any CPU.Build.0 = Debug|Any CPU
		{BF083974-7800-49E2-A78D-21CF26B56596}.Release|Any CPU.ActiveCfg = Release|Any CPU
		{BF083974-7800-49E2-A78D-21CF26B56596}.Release|Any CPU.Build.0 = Release|Any CPU
	EndGlobalSection
	GlobalSection(SolutionProperties) = preSolution
		HideSolutionNode = FALSE
	EndGlobalSection
	GlobalSection(ExtensibilityGlobals) = postSolution
		SolutionGuid = {185A59C9-3157-4B58-AFE2-696BA84FF96B}
	EndGlobalSection
EndGlobal
